
Microsoft Visual Studio Solution File, Format Version 12.00
# Visual Studio Version 17
VisualStudioVersion = 17.2.32616.157
MinimumVisualStudioVersion = 10.0.40219.1
Project("{2150E333-8FDC-42A3-9474-1A3956D46DE8}") = "FrontEnd", "FrontEnd", "{2EFDBC35-D3BB-4808-A638-3DD05A3132DB}"
EndProject
Project("{FAE04EC0-301F-11D3-BF4B-00C04F79EFBC}") = "Artisanaux.Web", "Artisanaux.Web\Artisanaux.Web.csproj", "{2091AB7B-3104-40B4-8069-0A2999AB6058}"
EndProject
Project("{2150E333-8FDC-42A3-9474-1A3956D46DE8}") = "Services", "Services", "{CAB62A13-A973-4E16-BF4C-465FD81D825C}"
EndProject
Project("{FAE04EC0-301F-11D3-BF4B-00C04F79EFBC}") = "Artisanaux.Service.ProductAPI", "Artisanaux.Service.ProductAPI\Artisanaux.Service.ProductAPI.csproj", "{17299A6B-AA44-42F1-870C-1EB6A25C6496}"
EndProject
Global
	GlobalSection(SolutionConfigurationPlatforms) = preSolution
		Debug|Any CPU = Debug|Any CPU
		Release|Any CPU = Release|Any CPU
	EndGlobalSection
	GlobalSection(ProjectConfigurationPlatforms) = postSolution
		{2091AB7B-3104-40B4-8069-0A2999AB6058}.Debug|Any CPU.ActiveCfg = Debug|Any CPU
		{2091AB7B-3104-40B4-8069-0A2999AB6058}.Debug|Any CPU.Build.0 = Debug|Any CPU
		{2091AB7B-3104-40B4-8069-0A2999AB6058}.Release|Any CPU.ActiveCfg = Release|Any CPU
		{2091AB7B-3104-40B4-8069-0A2999AB6058}.Release|Any CPU.Build.0 = Release|Any CPU
		{17299A6B-AA44-42F1-870C-1EB6A25C6496}.Debug|Any CPU.ActiveCfg = Debug|Any CPU
		{17299A6B-AA44-42F1-870C-1EB6A25C6496}.Debug|Any CPU.Build.0 = Debug|Any CPU
		{17299A6B-AA44-42F1-870C-1EB6A25C6496}.Release|Any CPU.ActiveCfg = Release|Any CPU
		{17299A6B-AA44-42F1-870C-1EB6A25C6496}.Release|Any CPU.Build.0 = Release|Any CPU
	EndGlobalSection
	GlobalSection(SolutionProperties) = preSolution
		HideSolutionNode = FALSE
	EndGlobalSection
	GlobalSection(NestedProjects) = preSolution
		{2091AB7B-3104-40B4-8069-0A2999AB6058} = {2EFDBC35-D3BB-4808-A638-3DD05A3132DB}
		{17299A6B-AA44-42F1-870C-1EB6A25C6496} = {CAB62A13-A973-4E16-BF4C-465FD81D825C}
	EndGlobalSection
	GlobalSection(ExtensibilityGlobals) = postSolution
		SolutionGuid = {75F150CA-BC5C-4C14-B9A9-2AC2DA71FCE8}
	EndGlobalSection
EndGlobal
